// !$*UTF8*$!
{
	archiveVersion = 1;
	classes = {
	};
	objectVersion = 77;
	objects = {

/* Begin PBXBuildFile section */
		06C57091E8BAC1A6CFAF5BA0 /* AppState.swift in Sources */ = {isa = PBXBuildFile; fileRef = 1A9E69907490FD0EEE7B36DA /* AppState.swift */; };
		09373B5742E4F46E427EA8C7 /* uikit.json in Resources */ = {isa = PBXBuildFile; fileRef = 1E6AC3737D2F8BA0E2990A44 /* uikit.json */; };
		1BFF85CBFF8EF99AAB4CF529 /* flutter.json in Resources */ = {isa = PBXBuildFile; fileRef = D3B07F84BA88C51FB04E7863 /* flutter.json */; };
		24421DA7F4E296585479BD9D /* QuizView.swift in Sources */ = {isa = PBXBuildFile; fileRef = E977E8A322DA8BD758E6B4D0 /* QuizView.swift */; };
		2CF5E2D0C993A6F921622157 /* Day.swift in Sources */ = {isa = PBXBuildFile; fileRef = 343E832C5C3D91FE3EC8C4EA /* Day.swift */; };
		3B4A63D103C49DD56CCA3A3D /* HomeView.swift in Sources */ = {isa = PBXBuildFile; fileRef = B21671563C4BABFD1244C7A9 /* HomeView.swift */; };
		3ED62009A5F29420D040E759 /* ReviewView.swift in Sources */ = {isa = PBXBuildFile; fileRef = 0E13C85E9948447C5237C8A6 /* ReviewView.swift */; };
		6CB17D4409E16A5D031D3551 /* ProfileView.swift in Sources */ = {isa = PBXBuildFile; fileRef = 149C52FDC33A056358CC1A0D /* ProfileView.swift */; };
		74DC6D60AABFBEC3FC8103CA /* kotlin.json in Resources */ = {isa = PBXBuildFile; fileRef = B3C2BCCC1A1BD362516A686C /* kotlin.json */; };
		88CE4275511CDC945D73DCA4 /* swift.json in Resources */ = {isa = PBXBuildFile; fileRef = 840E57BDEC91914D57E3C0E5 /* swift.json */; };
		A9633D457B20BB07DCAD5533 /* TopicView.swift in Sources */ = {isa = PBXBuildFile; fileRef = 392CAFF6764D8A3B76F22FE6 /* TopicView.swift */; };
		B1C7564D87653E8F58A654AA /* Assets.xcassets in Resources */ = {isa = PBXBuildFile; fileRef = 2881541D0244097BB2DC5E59 /* Assets.xcassets */; };
		C8F237037D4ADD57C9A181CE /* ProntoApp.swift in Sources */ = {isa = PBXBuildFile; fileRef = BCC2FA6B511CBDD002B67D0D /* ProntoApp.swift */; };
		CBAA6D9F5C6D92F085042820 /* Components.swift in Sources */ = {isa = PBXBuildFile; fileRef = 0C1D6BEB26DCC0F825493236 /* Components.swift */; };
		CFB240DE89FAE403FCAF572C /* Content.swift in Sources */ = {isa = PBXBuildFile; fileRef = DDB3C4AF6695092E14ABD0DA /* Content.swift */; };
		EF5187EDCFD94B2069337243 /* OnboardingView.swift in Sources */ = {isa = PBXBuildFile; fileRef = B65C78422C9EC14CCD6FE26B /* OnboardingView.swift */; };
		F4C1AD418FEDD9FD3D4E5FBB /* Reminders.swift in Sources */ = {isa = PBXBuildFile; fileRef = BD74F37DD408112C9613EA65 /* Reminders.swift */; };
		F68D9C097E4E4AC4DFED52F9 /* Theme.swift in Sources */ = {isa = PBXBuildFile; fileRef = 4555D0DB2C98541C9BE5F537 /* Theme.swift */; };
/* End PBXBuildFile section */

/* Begin PBXFileReference section */
		0C1D6BEB26DCC0F825493236 /* Components.swift */ = {isa = PBXFileReference; lastKnownFileType = sourcecode.swift; path = Components.swift; sourceTree = "<group>"; };
		0E13C85E9948447C5237C8A6 /* ReviewView.swift */ = {isa = PBXFileReference; lastKnownFileType = sourcecode.swift; path = ReviewView.swift; sourceTree = "<group>"; };
		149C52FDC33A056358CC1A0D /* ProfileView.swift */ = {isa = PBXFileReference; lastKnownFileType = sourcecode.swift; path = ProfileView.swift; sourceTree = "<group>"; };
		1A9E69907490FD0EEE7B36DA /* AppState.swift */ = {isa = PBXFileReference; lastKnownFileType = sourcecode.swift; path = AppState.swift; sourceTree = "<group>"; };
		1E6AC3737D2F8BA0E2990A44 /* uikit.json */ = {isa = PBXFileReference; lastKnownFileType = text.json; path = uikit.json; sourceTree = "<group>"; };
		2881541D0244097BB2DC5E59 /* Assets.xcassets */ = {isa = PBXFileReference; lastKnownFileType = folder.assetcatalog; path = Assets.xcassets; sourceTree = "<group>"; };
		343E832C5C3D91FE3EC8C4EA /* Day.swift */ = {isa = PBXFileReference; lastKnownFileType = sourcecode.swift; path = Day.swift; sourceTree = "<group>"; };
		392CAFF6764D8A3B76F22FE6 /* TopicView.swift */ = {isa = PBXFileReference; lastKnownFileType = sourcecode.swift; path = TopicView.swift; sourceTree = "<group>"; };
		4555D0DB2C98541C9BE5F537 /* Theme.swift */ = {isa = PBXFileReference; lastKnownFileType = sourcecode.swift; path = Theme.swift; sourceTree = "<group>"; };
		53CE975F0CD1D709ADD62E49 /* Pronto.app */ = {isa = PBXFileReference; includeInIndex = 0; lastKnownFileType = wrapper.application; path = Pronto.app; sourceTree = BUILT_PRODUCTS_DIR; };
		840E57BDEC91914D57E3C0E5 /* swift.json */ = {isa = PBXFileReference; lastKnownFileType = text.json; path = swift.json; sourceTree = "<group>"; };
		B21671563C4BABFD1244C7A9 /* HomeView.swift */ = {isa = PBXFileReference; lastKnownFileType = sourcecode.swift; path = HomeView.swift; sourceTree = "<group>"; };
		B3C2BCCC1A1BD362516A686C /* kotlin.json */ = {isa = PBXFileReference; lastKnownFileType = text.json; path = kotlin.json; sourceTree = "<group>"; };
		B65C78422C9EC14CCD6FE26B /* OnboardingView.swift */ = {isa = PBXFileReference; lastKnownFileType = sourcecode.swift; path = OnboardingView.swift; sourceTree = "<group>"; };
		BCC2FA6B511CBDD002B67D0D /* ProntoApp.swift */ = {isa = PBXFileReference; lastKnownFileType = sourcecode.swift; path = ProntoApp.swift; sourceTree = "<group>"; };
		BD74F37DD408112C9613EA65 /* Reminders.swift */ = {isa = PBXFileReference; lastKnownFileType = sourcecode.swift; path = Reminders.swift; sourceTree = "<group>"; };
		D3B07F84BA88C51FB04E7863 /* flutter.json */ = {isa = PBXFileReference; lastKnownFileType = text.json; path = flutter.json; sourceTree = "<group>"; };
		DDB3C4AF6695092E14ABD0DA /* Content.swift */ = {isa = PBXFileReference; lastKnownFileType = sourcecode.swift; path = Content.swift; sourceTree = "<group>"; };
		E977E8A322DA8BD758E6B4D0 /* QuizView.swift */ = {isa = PBXFileReference; lastKnownFileType = sourcecode.swift; path = QuizView.swift; sourceTree = "<group>"; };
/* End PBXFileReference section */

/* Begin PBXGroup section */
		013DF2BBE64AB25C0E874AA4 /* Resources */ = {
			isa = PBXGroup;
			children = (
				2881541D0244097BB2DC5E59 /* Assets.xcassets */,
				098F999B09F4E8774CF05A64 /* Content */,
			);
			path = Resources;
			sourceTree = "<group>";
		};
		03782BC5D9DF4F322F8437C9 /* Models */ = {
			isa = PBXGroup;
			children = (
				1A9E69907490FD0EEE7B36DA /* AppState.swift */,
				DDB3C4AF6695092E14ABD0DA /* Content.swift */,
				343E832C5C3D91FE3EC8C4EA /* Day.swift */,
			);
			path = Models;
			sourceTree = "<group>";
		};
		098F999B09F4E8774CF05A64 /* Content */ = {
			isa = PBXGroup;
			children = (
				D3B07F84BA88C51FB04E7863 /* flutter.json */,
				B3C2BCCC1A1BD362516A686C /* kotlin.json */,
				840E57BDEC91914D57E3C0E5 /* swift.json */,
				1E6AC3737D2F8BA0E2990A44 /* uikit.json */,
			);
			path = Content;
			sourceTree = "<group>";
		};
		0ADB014B18816026C09B9CB0 /* App */ = {
			isa = PBXGroup;
			children = (
				BCC2FA6B511CBDD002B67D0D /* ProntoApp.swift */,
			);
			path = App;
			sourceTree = "<group>";
		};
		16CB688DC66979CFF6E34A58 /* Services */ = {
			isa = PBXGroup;
			children = (
				BD74F37DD408112C9613EA65 /* Reminders.swift */,
			);
			path = Services;
			sourceTree = "<group>";
		};
		69BC83C52693DDFFF418C114 /* Products */ = {
			isa = PBXGroup;
			children = (
				53CE975F0CD1D709ADD62E49 /* Pronto.app */,
			);
			name = Products;
			sourceTree = "<group>";
		};
		6E4857E878358894AC96E764 = {
			isa = PBXGroup;
			children = (
				013DF2BBE64AB25C0E874AA4 /* Resources */,
				8B2B0685815D6AB8CD3022E3 /* Sources */,
				69BC83C52693DDFFF418C114 /* Products */,
			);
			sourceTree = "<group>";
		};
		8B2B0685815D6AB8CD3022E3 /* Sources */ = {
			isa = PBXGroup;
			children = (
				0ADB014B18816026C09B9CB0 /* App */,
				03782BC5D9DF4F322F8437C9 /* Models */,
				16CB688DC66979CFF6E34A58 /* Services */,
				FAA3C2BA096C66A64A731F72 /* Theme */,
				EA9124F3526EF4C1BF4AA200 /* Views */,
			);
			path = Sources;
			sourceTree = "<group>";
		};
		EA9124F3526EF4C1BF4AA200 /* Views */ = {
			isa = PBXGroup;
			children = (
				0C1D6BEB26DCC0F825493236 /* Components.swift */,
				B21671563C4BABFD1244C7A9 /* HomeView.swift */,
				B65C78422C9EC14CCD6FE26B /* OnboardingView.swift */,
				149C52FDC33A056358CC1A0D /* ProfileView.swift */,
				E977E8A322DA8BD758E6B4D0 /* QuizView.swift */,
				0E13C85E9948447C5237C8A6 /* ReviewView.swift */,
				392CAFF6764D8A3B76F22FE6 /* TopicView.swift */,
			);
			path = Views;
			sourceTree = "<group>";
		};
		FAA3C2BA096C66A64A731F72 /* Theme */ = {
			isa = PBXGroup;
			children = (
				4555D0DB2C98541C9BE5F537 /* Theme.swift */,
			);
			path = Theme;
			sourceTree = "<group>";
		};
/* End PBXGroup section */

/* Begin PBXNativeTarget section */
		2464B547A669744EED25FDBC /* Pronto */ = {
			isa = PBXNativeTarget;
			buildConfigurationList = 5D7AC6D7C613832389310409 /* Build configuration list for PBXNativeTarget "Pronto" */;
			buildPhases = (
				97FEBF475CC60A29596E386D /* Sources */,
				E75EA0DABA7751A59CEBB5C3 /* Resources */,
			);
			buildRules = (
			);
			dependencies = (
			);
			name = Pronto;
			packageProductDependencies = (
			);
			productName = Pronto;
			productReference = 53CE975F0CD1D709ADD62E49 /* Pronto.app */;
			productType = "com.apple.product-type.application";
		};
/* End PBXNativeTarget section */

/* Begin PBXProject section */
		FF99B69AA9E768743BFE6847 /* Project object */ = {
			isa = PBXProject;
			attributes = {
				BuildIndependentTargetsInParallel = YES;
				LastUpgradeCheck = 1430;
				TargetAttributes = {
					2464B547A669744EED25FDBC = {
						DevelopmentTeam = H4M7KJL5DT;
						ProvisioningStyle = Automatic;
					};
				};
			};
			buildConfigurationList = 569B9FED50B7D00F224246E8 /* Build configuration list for PBXProject "Pronto" */;
			developmentRegion = en;
			hasScannedForEncodings = 0;
			knownRegions = (
				Base,
				en,
			);
			mainGroup = 6E4857E878358894AC96E764;
			minimizedProjectReferenceProxies = 1;
			preferredProjectObjectVersion = 77;
			productRefGroup = 69BC83C52693DDFFF418C114 /* Products */;
			projectDirPath = "";
			projectRoot = "";
			targets = (
				2464B547A669744EED25FDBC /* Pronto */,
			);
		};
/* End PBXProject section */

/* Begin PBXResourcesBuildPhase section */
		E75EA0DABA7751A59CEBB5C3 /* Resources */ = {
			isa = PBXResourcesBuildPhase;
			buildActionMask = 2147483647;
			files = (
				B1C7564D87653E8F58A654AA /* Assets.xcassets in Resources */,
				1BFF85CBFF8EF99AAB4CF529 /* flutter.json in Resources */,
				74DC6D60AABFBEC3FC8103CA /* kotlin.json in Resources */,
				88CE4275511CDC945D73DCA4 /* swift.json in Resources */,
				09373B5742E4F46E427EA8C7 /* uikit.json in Resources */,
			);
			runOnlyForDeploymentPostprocessing = 0;
		};
/* End PBXResourcesBuildPhase section */

/* Begin PBXSourcesBuildPhase section */
		97FEBF475CC60A29596E386D /* Sources */ = {
			isa = PBXSourcesBuildPhase;
			buildActionMask = 2147483647;
			files = (
				06C57091E8BAC1A6CFAF5BA0 /* AppState.swift in Sources */,
				CBAA6D9F5C6D92F085042820 /* Components.swift in Sources */,
				CFB240DE89FAE403FCAF572C /* Content.swift in Sources */,
				2CF5E2D0C993A6F921622157 /* Day.swift in Sources */,
				3B4A63D103C49DD56CCA3A3D /* HomeView.swift in Sources */,
				EF5187EDCFD94B2069337243 /* OnboardingView.swift in Sources */,
				6CB17D4409E16A5D031D3551 /* ProfileView.swift in Sources */,
				C8F237037D4ADD57C9A181CE /* ProntoApp.swift in Sources */,
				24421DA7F4E296585479BD9D /* QuizView.swift in Sources */,
				F4C1AD418FEDD9FD3D4E5FBB /* Reminders.swift in Sources */,
				3ED62009A5F29420D040E759 /* ReviewView.swift in Sources */,
				F68D9C097E4E4AC4DFED52F9 /* Theme.swift in Sources */,
				A9633D457B20BB07DCAD5533 /* TopicView.swift in Sources */,
			);
			runOnlyForDeploymentPostprocessing = 0;
		};
/* End PBXSourcesBuildPhase section */

/* Begin XCBuildConfiguration section */
		A03C8BA5E8BE7D5461CE1602 /* Release */ = {
			isa = XCBuildConfiguration;
			buildSettings = {
				ALWAYS_SEARCH_USER_PATHS = NO;
				CLANG_ANALYZER_NONNULL = YES;
				CLANG_ANALYZER_NUMBER_OBJECT_CONVERSION = YES_AGGRESSIVE;
				CLANG_CXX_LANGUAGE_STANDARD = "gnu++14";
				CLANG_CXX_LIBRARY = "libc++";
				CLANG_ENABLE_MODULES = YES;
				CLANG_ENABLE_OBJC_ARC = YES;
				CLANG_ENABLE_OBJC_WEAK = YES;
				CLANG_WARN_BLOCK_CAPTURE_AUTORELEASING = YES;
				CLANG_WARN_BOOL_CONVERSION = YES;
				CLANG_WARN_COMMA = YES;
				CLANG_WARN_CONSTANT_CONVERSION = YES;
				CLANG_WARN_DEPRECATED_OBJC_IMPLEMENTATIONS = YES;
				CLANG_WARN_DIRECT_OBJC_ISA_USAGE = YES_ERROR;
				CLANG_WARN_DOCUMENTATION_COMMENTS = YES;
				CLANG_WARN_EMPTY_BODY = YES;
				CLANG_WARN_ENUM_CONVERSION = YES;
				CLANG_WARN_INFINITE_RECURSION = YES;
				CLANG_WARN_INT_CONVERSION = YES;
				CLANG_WARN_NON_LITERAL_NULL_CONVERSION = YES;
				CLANG_WARN_OBJC_IMPLICIT_RETAIN_SELF = YES;
				CLANG_WARN_OBJC_LITERAL_CONVERSION = YES;
				CLANG_WARN_OBJC_ROOT_CLASS = YES_ERROR;
				CLANG_WARN_QUOTED_INCLUDE_IN_FRAMEWORK_HEADER = YES;
				CLANG_WARN_RANGE_LOOP_ANALYSIS = YES;
				CLANG_WARN_STRICT_PROTOTYPES = YES;
				CLANG_WARN_SUSPICIOUS_MOVE = YES;
				CLANG_WARN_UNGUARDED_AVAILABILITY = YES_AGGRESSIVE;
				CLANG_WARN_UNREACHABLE_CODE = YES;
				CLANG_WARN__DUPLICATE_METHOD_MATCH = YES;
				CODE_SIGN_STYLE = Automatic;
				COPY_PHASE_STRIP = NO;
				CURRENT_PROJECT_VERSION = 1;
				DEBUG_INFORMATION_FORMAT = "dwarf-with-dsym";
				DEVELOPMENT_TEAM = H4M7KJL5DT;
				ENABLE_NS_ASSERTIONS = NO;
				ENABLE_STRICT_OBJC_MSGSEND = YES;
				GCC_C_LANGUAGE_STANDARD = gnu11;
				GCC_NO_COMMON_BLOCKS = YES;
				GCC_WARN_64_TO_32_BIT_CONVERSION = YES;
				GCC_WARN_ABOUT_RETURN_TYPE = YES_ERROR;
				GCC_WARN_UNDECLARED_SELECTOR = YES;
				GCC_WARN_UNINITIALIZED_AUTOS = YES_AGGRESSIVE;
				GCC_WARN_UNUSED_FUNCTION = YES;
				GCC_WARN_UNUSED_VARIABLE = YES;
				IPHONEOS_DEPLOYMENT_TARGET = 17.0;
				MARKETING_VERSION = 1.0;
				MTL_ENABLE_DEBUG_INFO = NO;
				MTL_FAST_MATH = YES;
				PRODUCT_NAME = "$(TARGET_NAME)";
				SDKROOT = iphoneos;
				SWIFT_COMPILATION_MODE = wholemodule;
				SWIFT_OPTIMIZATION_LEVEL = "-O";
				SWIFT_VERSION = 5.0;
			};
			name = Release;
		};
		A0624578A2CE9EBBF5C84BAE /* Debug */ = {
			isa = XCBuildConfiguration;
			buildSettings = {
				ASSETCATALOG_COMPILER_APPICON_NAME = AppIcon;
				CODE_SIGN_IDENTITY = "iPhone Developer";
				GENERATE_INFOPLIST_FILE = YES;
				INFOPLIST_KEY_CFBundleDisplayName = Pronto;
				INFOPLIST_KEY_UIApplicationSceneManifest_Generation = YES;
				INFOPLIST_KEY_UILaunchScreen_Generation = YES;
				INFOPLIST_KEY_UISupportedInterfaceOrientations = UIInterfaceOrientationPortrait;
				LD_RUNPATH_SEARCH_PATHS = (
					"$(inherited)",
					"@executable_path/Frameworks",
				);
				PRODUCT_BUNDLE_IDENTIFIER = com.pronto.app;
				SDKROOT = iphoneos;
				TARGETED_DEVICE_FAMILY = 1;
			};
			name = Debug;
		};
		AD9FDEBB8EB633E2C0339D0B /* Debug */ = {
			isa = XCBuildConfiguration;
			buildSettings = {
				ALWAYS_SEARCH_USER_PATHS = NO;
				CLANG_ANALYZER_NONNULL = YES;
				CLANG_ANALYZER_NUMBER_OBJECT_CONVERSION = YES_AGGRESSIVE;
				CLANG_CXX_LANGUAGE_STANDARD = "gnu++14";
				CLANG_CXX_LIBRARY = "libc++";
				CLANG_ENABLE_MODULES = YES;
				CLANG_ENABLE_OBJC_ARC = YES;
				CLANG_ENABLE_OBJC_WEAK = YES;
				CLANG_WARN_BLOCK_CAPTURE_AUTORELEASING = YES;
				CLANG_WARN_BOOL_CONVERSION = YES;
				CLANG_WARN_COMMA = YES;
				CLANG_WARN_CONSTANT_CONVERSION = YES;
				CLANG_WARN_DEPRECATED_OBJC_IMPLEMENTATIONS = YES;
				CLANG_WARN_DIRECT_OBJC_ISA_USAGE = YES_ERROR;
				CLANG_WARN_DOCUMENTATION_COMMENTS = YES;
				CLANG_WARN_EMPTY_BODY = YES;
				CLANG_WARN_ENUM_CONVERSION = YES;
				CLANG_WARN_INFINITE_RECURSION = YES;
				CLANG_WARN_INT_CONVERSION = YES;
				CLANG_WARN_NON_LITERAL_NULL_CONVERSION = YES;
				CLANG_WARN_OBJC_IMPLICIT_RETAIN_SELF = YES;
				CLANG_WARN_OBJC_LITERAL_CONVERSION = YES;
				CLANG_WARN_OBJC_ROOT_CLASS = YES_ERROR;
				CLANG_WARN_QUOTED_INCLUDE_IN_FRAMEWORK_HEADER = YES;
				CLANG_WARN_RANGE_LOOP_ANALYSIS = YES;
				CLANG_WARN_STRICT_PROTOTYPES = YES;
				CLANG_WARN_SUSPICIOUS_MOVE = YES;
				CLANG_WARN_UNGUARDED_AVAILABILITY = YES_AGGRESSIVE;
				CLANG_WARN_UNREACHABLE_CODE = YES;
				CLANG_WARN__DUPLICATE_METHOD_MATCH = YES;
				CODE_SIGN_STYLE = Automatic;
				COPY_PHASE_STRIP = NO;
				CURRENT_PROJECT_VERSION = 1;
				DEBUG_INFORMATION_FORMAT = dwarf;
				DEVELOPMENT_TEAM = H4M7KJL5DT;
				ENABLE_STRICT_OBJC_MSGSEND = YES;
				ENABLE_TESTABILITY = YES;
				GCC_C_LANGUAGE_STANDARD = gnu11;
				GCC_DYNAMIC_NO_PIC = NO;
				GCC_NO_COMMON_BLOCKS = YES;
				GCC_OPTIMIZATION_LEVEL = 0;
				GCC_PREPROCESSOR_DEFINITIONS = (
					"$(inherited)",
					"DEBUG=1",
				);
				GCC_WARN_64_TO_32_BIT_CONVERSION = YES;
				GCC_WARN_ABOUT_RETURN_TYPE = YES_ERROR;
				GCC_WARN_UNDECLARED_SELECTOR = YES;
				GCC_WARN_UNINITIALIZED_AUTOS = YES_AGGRESSIVE;
				GCC_WARN_UNUSED_FUNCTION = YES;
				GCC_WARN_UNUSED_VARIABLE = YES;
				IPHONEOS_DEPLOYMENT_TARGET = 17.0;
				MARKETING_VERSION = 1.0;
				MTL_ENABLE_DEBUG_INFO = INCLUDE_SOURCE;
				MTL_FAST_MATH = YES;
				ONLY_ACTIVE_ARCH = YES;
				PRODUCT_NAME = "$(TARGET_NAME)";
				SDKROOT = iphoneos;
				SWIFT_ACTIVE_COMPILATION_CONDITIONS = DEBUG;
				SWIFT_OPTIMIZATION_LEVEL = "-Onone";
				SWIFT_VERSION = 5.0;
			};
			name = Debug;
		};
		E704C098779FC0D7374897E0 /* Release */ = {
			isa = XCBuildConfiguration;
			buildSettings = {
				ASSETCATALOG_COMPILER_APPICON_NAME = AppIcon;
				CODE_SIGN_IDENTITY = "iPhone Developer";
				GENERATE_INFOPLIST_FILE = YES;
				INFOPLIST_KEY_CFBundleDisplayName = Pronto;
				INFOPLIST_KEY_UIApplicationSceneManifest_Generation = YES;
				INFOPLIST_KEY_UILaunchScreen_Generation = YES;
				INFOPLIST_KEY_UISupportedInterfaceOrientations = UIInterfaceOrientationPortrait;
				LD_RUNPATH_SEARCH_PATHS = (
					"$(inherited)",
					"@executable_path/Frameworks",
				);
				PRODUCT_BUNDLE_IDENTIFIER = com.pronto.app;
				SDKROOT = iphoneos;
				TARGETED_DEVICE_FAMILY = 1;
			};
			name = Release;
		};
/* End XCBuildConfiguration section */

/* Begin XCConfigurationList section */
		569B9FED50B7D00F224246E8 /* Build configuration list for PBXProject "Pronto" */ = {
			isa = XCConfigurationList;
			buildConfigurations = (
				AD9FDEBB8EB633E2C0339D0B /* Debug */,
				A03C8BA5E8BE7D5461CE1602 /* Release */,
			);
			defaultConfigurationIsVisible = 0;
			defaultConfigurationName = Debug;
		};
		5D7AC6D7C613832389310409 /* Build configuration list for PBXNativeTarget "Pronto" */ = {
			isa = XCConfigurationList;
			buildConfigurations = (
				A0624578A2CE9EBBF5C84BAE /* Debug */,
				E704C098779FC0D7374897E0 /* Release */,
			);
			defaultConfigurationIsVisible = 0;
			defaultConfigurationName = Debug;
		};
/* End XCConfigurationList section */
	};
	rootObject = FF99B69AA9E768743BFE6847 /* Project object */;
}
